// !$*UTF8*$!
{
	archiveVersion = 1;
	classes = {
	};
	objectVersion = 56;
	objects = {

/* Begin PBXBuildFile section */
		513F27B118D36B420452D749 /* Pods_collection.framework in Frameworks */ = {isa = PBXBuildFile; fileRef = F6BD9C092B4692C4E87A62E1 /* Pods_collection.framework */; };
		AE06CD3B2AB4DE5300073B00 /* Utilities.swift in Sources */ = {isa = PBXBuildFile; fileRef = AE06CD3A2AB4DE5300073B00 /* Utilities.swift */; };
		AE35FECD2AC8CB4300B047B5 /* Quiz1ViewController.swift in Sources */ = {isa = PBXBuildFile; fileRef = AE35FECC2AC8CB4300B047B5 /* Quiz1ViewController.swift */; };
		AE35FECF2AC8CB5400B047B5 /* Quiz2ViewController.swift in Sources */ = {isa = PBXBuildFile; fileRef = AE35FECE2AC8CB5400B047B5 /* Quiz2ViewController.swift */; };
		AE35FED12AC8D01300B047B5 /* ResultViewController.swift in Sources */ = {isa = PBXBuildFile; fileRef = AE35FED02AC8D01300B047B5 /* ResultViewController.swift */; };
		AE35FED52AC9DC3E00B047B5 /* ErrorViewController.swift in Sources */ = {isa = PBXBuildFile; fileRef = AE35FED42AC9DC3E00B047B5 /* ErrorViewController.swift */; };
		AE3F8C7F2ABE7693007267BB /* CollectionViewController.swift in Sources */ = {isa = PBXBuildFile; fileRef = AE3F8C7D2ABE7693007267BB /* CollectionViewController.swift */; };
		AE4B8EF22AC71FB900A0BAEF /* GalerysTableViewCell.swift in Sources */ = {isa = PBXBuildFile; fileRef = AE4B8EF02AC71FB900A0BAEF /* GalerysTableViewCell.swift */; };
		AE4B8EF32AC71FB900A0BAEF /* GalerysTableViewCell.xib in Resources */ = {isa = PBXBuildFile; fileRef = AE4B8EF12AC71FB900A0BAEF /* GalerysTableViewCell.xib */; };
		AE4B8EF62AC7208200A0BAEF /* CollectionItemCell.swift in Sources */ = {isa = PBXBuildFile; fileRef = AE4B8EF42AC7208200A0BAEF /* CollectionItemCell.swift */; };
		AE4B8EF72AC7208200A0BAEF /* CollectionItemCell.xib in Resources */ = {isa = PBXBuildFile; fileRef = AE4B8EF52AC7208200A0BAEF /* CollectionItemCell.xib */; };
		AE4B8EF92AC7298400A0BAEF /* ComponentScreen.swift in Sources */ = {isa = PBXBuildFile; fileRef = AE4B8EF82AC7298400A0BAEF /* ComponentScreen.swift */; };
		AE6A17072AB23D95001BE6BC /* LoginViewController.swift in Sources */ = {isa = PBXBuildFile; fileRef = AE6A17062AB23D95001BE6BC /* LoginViewController.swift */; };
		AE6A17092AB23DC9001BE6BC /* RegisterViewController.swift in Sources */ = {isa = PBXBuildFile; fileRef = AE6A17082AB23DC9001BE6BC /* RegisterViewController.swift */; };
		AE84E22C2AD49B42005CA108 /* RewardViewController.swift in Sources */ = {isa = PBXBuildFile; fileRef = AE84E22B2AD49B42005CA108 /* RewardViewController.swift */; };
		AE84E22E2AD49D27005CA108 /* RankingViewController.swift in Sources */ = {isa = PBXBuildFile; fileRef = AE84E22D2AD49D27005CA108 /* RankingViewController.swift */; };
		AE8CD6FD2AC71A47002F0537 /* RecentTableViewCell.swift in Sources */ = {isa = PBXBuildFile; fileRef = AE8CD6FB2AC71A47002F0537 /* RecentTableViewCell.swift */; };
		AE8CD6FE2AC71A47002F0537 /* RecentTableViewCell.xib in Resources */ = {isa = PBXBuildFile; fileRef = AE8CD6FC2AC71A47002F0537 /* RecentTableViewCell.xib */; };
		AE8CD7012AC71A7B002F0537 /* CollectionTableViewCell.swift in Sources */ = {isa = PBXBuildFile; fileRef = AE8CD6FF2AC71A7B002F0537 /* CollectionTableViewCell.swift */; };
		AE8CD7022AC71A7B002F0537 /* CollectionTableViewCell.xib in Resources */ = {isa = PBXBuildFile; fileRef = AE8CD7002AC71A7B002F0537 /* CollectionTableViewCell.xib */; };
		AE8CD7052AC71B24002F0537 /* MyRecentCollectionViewCell.swift in Sources */ = {isa = PBXBuildFile; fileRef = AE8CD7032AC71B24002F0537 /* MyRecentCollectionViewCell.swift */; };
		AE8CD7062AC71B24002F0537 /* MyRecentCollectionViewCell.xib in Resources */ = {isa = PBXBuildFile; fileRef = AE8CD7042AC71B24002F0537 /* MyRecentCollectionViewCell.xib */; };
		AE8CD7092AC71B3F002F0537 /* MyCollectionViewCell.swift in Sources */ = {isa = PBXBuildFile; fileRef = AE8CD7072AC71B3F002F0537 /* MyCollectionViewCell.swift */; };
		AE8CD70A2AC71B3F002F0537 /* MyCollectionViewCell.xib in Resources */ = {isa = PBXBuildFile; fileRef = AE8CD7082AC71B3F002F0537 /* MyCollectionViewCell.xib */; };
		AE8CD70F2AC71E5D002F0537 /* DetailsTableViewController.swift in Sources */ = {isa = PBXBuildFile; fileRef = AE8CD70D2AC71E5D002F0537 /* DetailsTableViewController.swift */; };
		AEB393F62AC7437C00FB7C8B /* InfoViewController.swift in Sources */ = {isa = PBXBuildFile; fileRef = AEB393F52AC7437C00FB7C8B /* InfoViewController.swift */; };
		AECDDA232ABE502A00991AC0 /* Stickes.swift in Sources */ = {isa = PBXBuildFile; fileRef = AECDDA222ABE502A00991AC0 /* Stickes.swift */; };
		AECDDA302ABE6FD400991AC0 /* ApiServices.swift in Sources */ = {isa = PBXBuildFile; fileRef = AECDDA2F2ABE6FD400991AC0 /* ApiServices.swift */; };
		AECDDA352ABE709400991AC0 /* ErrorModel.swift in Sources */ = {isa = PBXBuildFile; fileRef = AECDDA342ABE709400991AC0 /* ErrorModel.swift */; };
		AEE2DD8F2A9FBEA20040D789 /* AppDelegate.swift in Sources */ = {isa = PBXBuildFile; fileRef = AEE2DD8E2A9FBEA20040D789 /* AppDelegate.swift */; };
		AEE2DD912A9FBEA20040D789 /* SceneDelegate.swift in Sources */ = {isa = PBXBuildFile; fileRef = AEE2DD902A9FBEA20040D789 /* SceneDelegate.swift */; };
		AEE2DD932A9FBEA20040D789 /* ViewController.swift in Sources */ = {isa = PBXBuildFile; fileRef = AEE2DD922A9FBEA20040D789 /* ViewController.swift */; };
		AEE2DD982A9FBEA50040D789 /* Assets.xcassets in Resources */ = {isa = PBXBuildFile; fileRef = AEE2DD972A9FBEA50040D789 /* Assets.xcassets */; };
		AEE2DD9B2A9FBEA50040D789 /* LaunchScreen.storyboard in Resources */ = {isa = PBXBuildFile; fileRef = AEE2DD992A9FBEA50040D789 /* LaunchScreen.storyboard */; };
		AEE2DDA62A9FD7A50040D789 /* HomeViewController.swift in Sources */ = {isa = PBXBuildFile; fileRef = AEE2DDA52A9FD7A50040D789 /* HomeViewController.swift */; };
		AEE2DDB22AA12B320040D789 /* MyViewController.swift in Sources */ = {isa = PBXBuildFile; fileRef = AEE2DDB12AA12B320040D789 /* MyViewController.swift */; };
		AEE2DDB42AA12B510040D789 /* OptionViewController.swift in Sources */ = {isa = PBXBuildFile; fileRef = AEE2DDB32AA12B510040D789 /* OptionViewController.swift */; };
		AEE2DDB62AA12B690040D789 /* DownloadsViewController.swift in Sources */ = {isa = PBXBuildFile; fileRef = AEE2DDB52AA12B690040D789 /* DownloadsViewController.swift */; };
		AEE2DDB92AA12F0E0040D789 /* Theme.swift in Sources */ = {isa = PBXBuildFile; fileRef = AEE2DDB82AA12F0E0040D789 /* Theme.swift */; };
		AEE2DDBB2AA26CAF0040D789 /* GoogleService-Info.plist in Resources */ = {isa = PBXBuildFile; fileRef = AEE2DDBA2AA26CAF0040D789 /* GoogleService-Info.plist */; };
		AEED25202ACC8CEA00FF89D6 /* WebViewController.swift in Sources */ = {isa = PBXBuildFile; fileRef = AEED251F2ACC8CEA00FF89D6 /* WebViewController.swift */; };
/* End PBXBuildFile section */

/* Begin PBXFileReference section */
		55D24F796CB99F0375939CE5 /* Pods-collection.debug.xcconfig */ = {isa = PBXFileReference; includeInIndex = 1; lastKnownFileType = text.xcconfig; name = "Pods-collection.debug.xcconfig"; path = "Target Support Files/Pods-collection/Pods-collection.debug.xcconfig"; sourceTree = "<group>"; };
		877028FC790BC1B1DD034DC5 /* Pods-collection.release.xcconfig */ = {isa = PBXFileReference; includeInIndex = 1; lastKnownFileType = text.xcconfig; name = "Pods-collection.release.xcconfig"; path = "Target Support Files/Pods-collection/Pods-collection.release.xcconfig"; sourceTree = "<group>"; };
		AE06CD3A2AB4DE5300073B00 /* Utilities.swift */ = {isa = PBXFileReference; lastKnownFileType = sourcecode.swift; path = Utilities.swift; sourceTree = "<group>"; };
		AE35FECC2AC8CB4300B047B5 /* Quiz1ViewController.swift */ = {isa = PBXFileReference; lastKnownFileType = sourcecode.swift; path = Quiz1ViewController.swift; sourceTree = "<group>"; };
		AE35FECE2AC8CB5400B047B5 /* Quiz2ViewController.swift */ = {isa = PBXFileReference; lastKnownFileType = sourcecode.swift; path = Quiz2ViewController.swift; sourceTree = "<group>"; };
		AE35FED02AC8D01300B047B5 /* ResultViewController.swift */ = {isa = PBXFileReference; lastKnownFileType = sourcecode.swift; path = ResultViewController.swift; sourceTree = "<group>"; };
		AE35FED42AC9DC3E00B047B5 /* ErrorViewController.swift */ = {isa = PBXFileReference; lastKnownFileType = sourcecode.swift; path = ErrorViewController.swift; sourceTree = "<group>"; };
		AE3F8C7D2ABE7693007267BB /* CollectionViewController.swift */ = {isa = PBXFileReference; lastKnownFileType = sourcecode.swift; name = CollectionViewController.swift; path = AlbunsColletion/CollectionViewController.swift; sourceTree = "<group>"; };
		AE4B8EF02AC71FB900A0BAEF /* GalerysTableViewCell.swift */ = {isa = PBXFileReference; lastKnownFileType = sourcecode.swift; path = GalerysTableViewCell.swift; sourceTree = "<group>"; };
		AE4B8EF12AC71FB900A0BAEF /* GalerysTableViewCell.xib */ = {isa = PBXFileReference; lastKnownFileType = file.xib; path = GalerysTableViewCell.xib; sourceTree = "<group>"; };
		AE4B8EF42AC7208200A0BAEF /* CollectionItemCell.swift */ = {isa = PBXFileReference; lastKnownFileType = sourcecode.swift; path = CollectionItemCell.swift; sourceTree = "<group>"; };
		AE4B8EF52AC7208200A0BAEF /* CollectionItemCell.xib */ = {isa = PBXFileReference; lastKnownFileType = file.xib; path = CollectionItemCell.xib; sourceTree = "<group>"; };
		AE4B8EF82AC7298400A0BAEF /* ComponentScreen.swift */ = {isa = PBXFileReference; lastKnownFileType = sourcecode.swift; path = ComponentScreen.swift; sourceTree = "<group>"; };
		AE6A17062AB23D95001BE6BC /* LoginViewController.swift */ = {isa = PBXFileReference; lastKnownFileType = sourcecode.swift; path = LoginViewController.swift; sourceTree = "<group>"; };
		AE6A17082AB23DC9001BE6BC /* RegisterViewController.swift */ = {isa = PBXFileReference; lastKnownFileType = sourcecode.swift; path = RegisterViewController.swift; sourceTree = "<group>"; };
		AE84E22B2AD49B42005CA108 /* RewardViewController.swift */ = {isa = PBXFileReference; lastKnownFileType = sourcecode.swift; path = RewardViewController.swift; sourceTree = "<group>"; };
		AE84E22D2AD49D27005CA108 /* RankingViewController.swift */ = {isa = PBXFileReference; lastKnownFileType = sourcecode.swift; path = RankingViewController.swift; sourceTree = "<group>"; };
		AE8CD6FB2AC71A47002F0537 /* RecentTableViewCell.swift */ = {isa = PBXFileReference; lastKnownFileType = sourcecode.swift; path = RecentTableViewCell.swift; sourceTree = "<group>"; };
		AE8CD6FC2AC71A47002F0537 /* RecentTableViewCell.xib */ = {isa = PBXFileReference; lastKnownFileType = file.xib; path = RecentTableViewCell.xib; sourceTree = "<group>"; };
		AE8CD6FF2AC71A7B002F0537 /* CollectionTableViewCell.swift */ = {isa = PBXFileReference; lastKnownFileType = sourcecode.swift; path = CollectionTableViewCell.swift; sourceTree = "<group>"; };
		AE8CD7002AC71A7B002F0537 /* CollectionTableViewCell.xib */ = {isa = PBXFileReference; lastKnownFileType = file.xib; path = CollectionTableViewCell.xib; sourceTree = "<group>"; };
		AE8CD7032AC71B24002F0537 /* MyRecentCollectionViewCell.swift */ = {isa = PBXFileReference; lastKnownFileType = sourcecode.swift; path = MyRecentCollectionViewCell.swift; sourceTree = "<group>"; };
		AE8CD7042AC71B24002F0537 /* MyRecentCollectionViewCell.xib */ = {isa = PBXFileReference; lastKnownFileType = file.xib; path = MyRecentCollectionViewCell.xib; sourceTree = "<group>"; };
		AE8CD7072AC71B3F002F0537 /* MyCollectionViewCell.swift */ = {isa = PBXFileReference; lastKnownFileType = sourcecode.swift; path = MyCollectionViewCell.swift; sourceTree = "<group>"; };
		AE8CD7082AC71B3F002F0537 /* MyCollectionViewCell.xib */ = {isa = PBXFileReference; lastKnownFileType = file.xib; path = MyCollectionViewCell.xib; sourceTree = "<group>"; };
		AE8CD70D2AC71E5D002F0537 /* DetailsTableViewController.swift */ = {isa = PBXFileReference; lastKnownFileType = sourcecode.swift; path = DetailsTableViewController.swift; sourceTree = "<group>"; };
		AEB393F52AC7437C00FB7C8B /* InfoViewController.swift */ = {isa = PBXFileReference; lastKnownFileType = sourcecode.swift; path = InfoViewController.swift; sourceTree = "<group>"; };
		AECDDA222ABE502A00991AC0 /* Stickes.swift */ = {isa = PBXFileReference; lastKnownFileType = sourcecode.swift; path = Stickes.swift; sourceTree = "<group>"; };
		AECDDA2F2ABE6FD400991AC0 /* ApiServices.swift */ = {isa = PBXFileReference; lastKnownFileType = sourcecode.swift; path = ApiServices.swift; sourceTree = "<group>"; };
		AECDDA342ABE709400991AC0 /* ErrorModel.swift */ = {isa = PBXFileReference; lastKnownFileType = sourcecode.swift; path = ErrorModel.swift; sourceTree = "<group>"; };
		AEE2DD8B2A9FBEA20040D789 /* collection.app */ = {isa = PBXFileReference; explicitFileType = wrapper.application; includeInIndex = 0; path = collection.app; sourceTree = BUILT_PRODUCTS_DIR; };
		AEE2DD8E2A9FBEA20040D789 /* AppDelegate.swift */ = {isa = PBXFileReference; lastKnownFileType = sourcecode.swift; path = AppDelegate.swift; sourceTree = "<group>"; };
		AEE2DD902A9FBEA20040D789 /* SceneDelegate.swift */ = {isa = PBXFileReference; lastKnownFileType = sourcecode.swift; path = SceneDelegate.swift; sourceTree = "<group>"; };
		AEE2DD922A9FBEA20040D789 /* ViewController.swift */ = {isa = PBXFileReference; lastKnownFileType = sourcecode.swift; path = ViewController.swift; sourceTree = "<group>"; };
		AEE2DD972A9FBEA50040D789 /* Assets.xcassets */ = {isa = PBXFileReference; lastKnownFileType = folder.assetcatalog; path = Assets.xcassets; sourceTree = "<group>"; };
		AEE2DD9A2A9FBEA50040D789 /* Base */ = {isa = PBXFileReference; lastKnownFileType = file.storyboard; name = Base; path = Base.lproj/LaunchScreen.storyboard; sourceTree = "<group>"; };
		AEE2DD9C2A9FBEA50040D789 /* Info.plist */ = {isa = PBXFileReference; lastKnownFileType = text.plist.xml; path = Info.plist; sourceTree = "<group>"; };
		AEE2DDA52A9FD7A50040D789 /* HomeViewController.swift */ = {isa = PBXFileReference; lastKnownFileType = sourcecode.swift; path = HomeViewController.swift; sourceTree = "<group>"; };
		AEE2DDB12AA12B320040D789 /* MyViewController.swift */ = {isa = PBXFileReference; lastKnownFileType = sourcecode.swift; path = MyViewController.swift; sourceTree = "<group>"; };
		AEE2DDB32AA12B510040D789 /* OptionViewController.swift */ = {isa = PBXFileReference; lastKnownFileType = sourcecode.swift; path = OptionViewController.swift; sourceTree = "<group>"; };
		AEE2DDB52AA12B690040D789 /* DownloadsViewController.swift */ = {isa = PBXFileReference; lastKnownFileType = sourcecode.swift; path = DownloadsViewController.swift; sourceTree = "<group>"; };
		AEE2DDB82AA12F0E0040D789 /* Theme.swift */ = {isa = PBXFileReference; lastKnownFileType = sourcecode.swift; path = Theme.swift; sourceTree = "<group>"; };
		AEE2DDBA2AA26CAF0040D789 /* GoogleService-Info.plist */ = {isa = PBXFileReference; fileEncoding = 4; lastKnownFileType = text.plist.xml; path = "GoogleService-Info.plist"; sourceTree = "<group>"; };
		AEED251F2ACC8CEA00FF89D6 /* WebViewController.swift */ = {isa = PBXFileReference; lastKnownFileType = sourcecode.swift; path = WebViewController.swift; sourceTree = "<group>"; };
		F6BD9C092B4692C4E87A62E1 /* Pods_collection.framework */ = {isa = PBXFileReference; explicitFileType = wrapper.framework; includeInIndex = 0; path = Pods_collection.framework; sourceTree = BUILT_PRODUCTS_DIR; };
/* End PBXFileReference section */

/* Begin PBXFrameworksBuildPhase section */
		AEE2DD882A9FBEA20040D789 /* Frameworks */ = {
			isa = PBXFrameworksBuildPhase;
			buildActionMask = 2147483647;
			files = (
				513F27B118D36B420452D749 /* Pods_collection.framework in Frameworks */,
			);
			runOnlyForDeploymentPostprocessing = 0;
		};
/* End PBXFrameworksBuildPhase section */

/* Begin PBXGroup section */
		6FC56E3C45606B2E454784C6 /* Pods */ = {
			isa = PBXGroup;
			children = (
				55D24F796CB99F0375939CE5 /* Pods-collection.debug.xcconfig */,
				877028FC790BC1B1DD034DC5 /* Pods-collection.release.xcconfig */,
			);
			path = Pods;
			sourceTree = "<group>";
		};
		AE06CD372AB4DA1100073B00 /* Helpers */ = {
			isa = PBXGroup;
			children = (
				AECDDA132ABE1EB600991AC0 /* Components */,
				AE06CD3A2AB4DE5300073B00 /* Utilities.swift */,
			);
			path = Helpers;
			sourceTree = "<group>";
		};
		AE35FECB2AC8CB1C00B047B5 /* Quizz */ = {
			isa = PBXGroup;
			children = (
				AE35FECC2AC8CB4300B047B5 /* Quiz1ViewController.swift */,
				AE35FECE2AC8CB5400B047B5 /* Quiz2ViewController.swift */,
				AE35FED02AC8D01300B047B5 /* ResultViewController.swift */,
				AE35FED42AC9DC3E00B047B5 /* ErrorViewController.swift */,
				AEED251F2ACC8CEA00FF89D6 /* WebViewController.swift */,
			);
			path = Quizz;
			sourceTree = "<group>";
		};
		AE7AD9042ABB512200D48A65 /* Register */ = {
			isa = PBXGroup;
			children = (
				AE6A17082AB23DC9001BE6BC /* RegisterViewController.swift */,
			);
			path = Register;
			sourceTree = "<group>";
		};
		AE84E22A2AD49A9B005CA108 /* ScreenNavigations */ = {
			isa = PBXGroup;
			children = (
				AE84E22B2AD49B42005CA108 /* RewardViewController.swift */,
				AE84E22D2AD49D27005CA108 /* RankingViewController.swift */,
			);
			path = ScreenNavigations;
			sourceTree = "<group>";
		};
		AE8CD6F72AC719E6002F0537 /* Recent */ = {
			isa = PBXGroup;
			children = (
				AE8CD6FC2AC71A47002F0537 /* RecentTableViewCell.xib */,
				AE8CD7042AC71B24002F0537 /* MyRecentCollectionViewCell.xib */,
			);
			path = Recent;
			sourceTree = "<group>";
		};
		AE8CD6F82AC719ED002F0537 /* Album */ = {
			isa = PBXGroup;
			children = (
				AE8CD7002AC71A7B002F0537 /* CollectionTableViewCell.xib */,
				AE8CD7082AC71B3F002F0537 /* MyCollectionViewCell.xib */,
			);
			path = Album;
			sourceTree = "<group>";
		};
		AE8CD6F92AC71A09002F0537 /* Recent */ = {
			isa = PBXGroup;
			children = (
				AE8CD7032AC71B24002F0537 /* MyRecentCollectionViewCell.swift */,
				AE8CD6FB2AC71A47002F0537 /* RecentTableViewCell.swift */,
			);
			path = Recent;
			sourceTree = "<group>";
		};
		AE8CD6FA2AC71A12002F0537 /* Album */ = {
			isa = PBXGroup;
			children = (
				AE8CD7072AC71B3F002F0537 /* MyCollectionViewCell.swift */,
				AE8CD6FF2AC71A7B002F0537 /* CollectionTableViewCell.swift */,
			);
			path = Album;
			sourceTree = "<group>";
		};
		AE8CD70C2AC71E2B002F0537 /* Details */ = {
			isa = PBXGroup;
			children = (
				AE8CD70D2AC71E5D002F0537 /* DetailsTableViewController.swift */,
			);
			path = Details;
			sourceTree = "<group>";
		};
		AE8CD7112AC71F27002F0537 /* Galery */ = {
			isa = PBXGroup;
			children = (
				AE4B8EF12AC71FB900A0BAEF /* GalerysTableViewCell.xib */,
				AE4B8EF52AC7208200A0BAEF /* CollectionItemCell.xib */,
			);
			path = Galery;
			sourceTree = "<group>";
		};
		AE8CD7122AC71F30002F0537 /* Galery */ = {
			isa = PBXGroup;
			children = (
				AE4B8EF42AC7208200A0BAEF /* CollectionItemCell.swift */,
				AE4B8EF02AC71FB900A0BAEF /* GalerysTableViewCell.swift */,
			);
			path = Galery;
			sourceTree = "<group>";
		};
		AEB393F22AC7431800FB7C8B /* Info */ = {
			isa = PBXGroup;
			children = (
				AEB393F52AC7437C00FB7C8B /* InfoViewController.swift */,
			);
			path = Info;
			sourceTree = "<group>";
		};
		AECDDA132ABE1EB600991AC0 /* Components */ = {
			isa = PBXGroup;
			children = (
				AE4B8EF82AC7298400A0BAEF /* ComponentScreen.swift */,
			);
			path = Components;
			sourceTree = "<group>";
		};
		AECDDA142ABE1EC700991AC0 /* Collection */ = {
			isa = PBXGroup;
			children = (
				AEB393F22AC7431800FB7C8B /* Info */,
				AE8CD7122AC71F30002F0537 /* Galery */,
				AE8CD70C2AC71E2B002F0537 /* Details */,
				AE8CD6FA2AC71A12002F0537 /* Album */,
				AE8CD6F92AC71A09002F0537 /* Recent */,
				AE3F8C7D2ABE7693007267BB /* CollectionViewController.swift */,
			);
			path = Collection;
			sourceTree = "<group>";
		};
		AECDDA152ABE1EE700991AC0 /* Home */ = {
			isa = PBXGroup;
			children = (
				AEE2DDA52A9FD7A50040D789 /* HomeViewController.swift */,
			);
			path = Home;
			sourceTree = "<group>";
		};
		AECDDA162ABE1EF500991AC0 /* MyView */ = {
			isa = PBXGroup;
			children = (
				AEE2DDB12AA12B320040D789 /* MyViewController.swift */,
			);
			path = MyView;
			sourceTree = "<group>";
		};
		AECDDA172ABE1F0500991AC0 /* Option */ = {
			isa = PBXGroup;
			children = (
				AEE2DDB32AA12B510040D789 /* OptionViewController.swift */,
			);
			path = Option;
			sourceTree = "<group>";
		};
		AECDDA182ABE1F1800991AC0 /* Dowloads */ = {
			isa = PBXGroup;
			children = (
				AEE2DDB52AA12B690040D789 /* DownloadsViewController.swift */,
			);
			path = Dowloads;
			sourceTree = "<group>";
		};
		AECDDA1F2ABE48D200991AC0 /* Collection */ = {
			isa = PBXGroup;
			children = (
				AE8CD7112AC71F27002F0537 /* Galery */,
				AE8CD6F82AC719ED002F0537 /* Album */,
				AE8CD6F72AC719E6002F0537 /* Recent */,
			);
			path = Collection;
			sourceTree = "<group>";
		};
		AECDDA2D2ABE6FAC00991AC0 /* Services */ = {
			isa = PBXGroup;
			children = (
				AECDDA2F2ABE6FD400991AC0 /* ApiServices.swift */,
			);
			path = Services;
			sourceTree = "<group>";
		};
		AECDDA312ABE6FF700991AC0 /* Classes */ = {
			isa = PBXGroup;
			children = (
				AECDDA222ABE502A00991AC0 /* Stickes.swift */,
				AECDDA342ABE709400991AC0 /* ErrorModel.swift */,
			);
			path = Classes;
			sourceTree = "<group>";
		};
		AEE2DD822A9FBEA20040D789 = {
			isa = PBXGroup;
			children = (
				AEE2DD8D2A9FBEA20040D789 /* collection */,
				AEE2DD8C2A9FBEA20040D789 /* Products */,
				6FC56E3C45606B2E454784C6 /* Pods */,
				BD44D6F7C296FCFCF240CF9F /* Frameworks */,
			);
			sourceTree = "<group>";
		};
		AEE2DD8C2A9FBEA20040D789 /* Products */ = {
			isa = PBXGroup;
			children = (
				AEE2DD8B2A9FBEA20040D789 /* collection.app */,
			);
			name = Products;
			sourceTree = "<group>";
		};
		AEE2DD8D2A9FBEA20040D789 /* collection */ = {
			isa = PBXGroup;
			children = (
				AEE2DDA22A9FD23E0040D789 /* Model */,
				AEE2DDA32A9FD2480040D789 /* View */,
				AEE2DDA42A9FD24E0040D789 /* Controller */,
				AE06CD372AB4DA1100073B00 /* Helpers */,
				AEE2DD8E2A9FBEA20040D789 /* AppDelegate.swift */,
				AEE2DD902A9FBEA20040D789 /* SceneDelegate.swift */,
				AEE2DD972A9FBEA50040D789 /* Assets.xcassets */,
				AEE2DD992A9FBEA50040D789 /* LaunchScreen.storyboard */,
				AEE2DD9C2A9FBEA50040D789 /* Info.plist */,
				AEE2DDBA2AA26CAF0040D789 /* GoogleService-Info.plist */,
			);
			path = collection;
			sourceTree = "<group>";
		};
		AEE2DDA22A9FD23E0040D789 /* Model */ = {
			isa = PBXGroup;
			children = (
				AECDDA312ABE6FF700991AC0 /* Classes */,
				AECDDA2D2ABE6FAC00991AC0 /* Services */,
				AEE2DDB72AA12EEC0040D789 /* Theme */,
			);
			path = Model;
			sourceTree = "<group>";
		};
		AEE2DDA32A9FD2480040D789 /* View */ = {
			isa = PBXGroup;
			children = (
				AECDDA1F2ABE48D200991AC0 /* Collection */,
			);
			path = View;
			sourceTree = "<group>";
		};
		AEE2DDA42A9FD24E0040D789 /* Controller */ = {
			isa = PBXGroup;
			children = (
				AE84E22A2AD49A9B005CA108 /* ScreenNavigations */,
				AE35FECB2AC8CB1C00B047B5 /* Quizz */,
				AEE2DD922A9FBEA20040D789 /* ViewController.swift */,
				AECDDA142ABE1EC700991AC0 /* Collection */,
				AECDDA182ABE1F1800991AC0 /* Dowloads */,
				AECDDA172ABE1F0500991AC0 /* Option */,
				AECDDA162ABE1EF500991AC0 /* MyView */,
				AECDDA152ABE1EE700991AC0 /* Home */,
				AE7AD9042ABB512200D48A65 /* Register */,
				AEE2DDBC2AA274730040D789 /* Login */,
			);
			path = Controller;
			sourceTree = "<group>";
		};
		AEE2DDB72AA12EEC0040D789 /* Theme */ = {
			isa = PBXGroup;
			children = (
				AEE2DDB82AA12F0E0040D789 /* Theme.swift */,
			);
			path = Theme;
			sourceTree = "<group>";
		};
		AEE2DDBC2AA274730040D789 /* Login */ = {
			isa = PBXGroup;
			children = (
				AE6A17062AB23D95001BE6BC /* LoginViewController.swift */,
			);
			path = Login;
			sourceTree = "<group>";
		};
		BD44D6F7C296FCFCF240CF9F /* Frameworks */ = {
			isa = PBXGroup;
			children = (
				F6BD9C092B4692C4E87A62E1 /* Pods_collection.framework */,
			);
			name = Frameworks;
			sourceTree = "<group>";
		};
/* End PBXGroup section */

/* Begin PBXNativeTarget section */
		AEE2DD8A2A9FBEA20040D789 /* collection */ = {
			isa = PBXNativeTarget;
			buildConfigurationList = AEE2DD9F2A9FBEA50040D789 /* Build configuration list for PBXNativeTarget "collection" */;
			buildPhases = (
				39749BCF30EDE1180ADAB1DE /* [CP] Check Pods Manifest.lock */,
				AEE2DD872A9FBEA20040D789 /* Sources */,
				AEE2DD882A9FBEA20040D789 /* Frameworks */,
				AEE2DD892A9FBEA20040D789 /* Resources */,
				C530BADC9321B48B53EEFBC3 /* [CP] Embed Pods Frameworks */,
			);
			buildRules = (
			);
			dependencies = (
			);
			name = collection;
			productName = collection;
			productReference = AEE2DD8B2A9FBEA20040D789 /* collection.app */;
			productType = "com.apple.product-type.application";
		};
/* End PBXNativeTarget section */

/* Begin PBXProject section */
		AEE2DD832A9FBEA20040D789 /* Project object */ = {
			isa = PBXProject;
			attributes = {
				BuildIndependentTargetsInParallel = 1;
				LastSwiftUpdateCheck = 1420;
				LastUpgradeCheck = 1420;
				TargetAttributes = {
					AEE2DD8A2A9FBEA20040D789 = {
						CreatedOnToolsVersion = 14.2;
					};
				};
			};
			buildConfigurationList = AEE2DD862A9FBEA20040D789 /* Build configuration list for PBXProject "collection" */;
			compatibilityVersion = "Xcode 14.0";
			developmentRegion = en;
			hasScannedForEncodings = 0;
			knownRegions = (
				en,
				Base,
			);
			mainGroup = AEE2DD822A9FBEA20040D789;
			productRefGroup = AEE2DD8C2A9FBEA20040D789 /* Products */;
			projectDirPath = "";
			projectRoot = "";
			targets = (
				AEE2DD8A2A9FBEA20040D789 /* collection */,
			);
		};
/* End PBXProject section */

/* Begin PBXResourcesBuildPhase section */
		AEE2DD892A9FBEA20040D789 /* Resources */ = {
			isa = PBXResourcesBuildPhase;
			buildActionMask = 2147483647;
			files = (
				AE8CD7022AC71A7B002F0537 /* CollectionTableViewCell.xib in Resources */,
				AE8CD70A2AC71B3F002F0537 /* MyCollectionViewCell.xib in Resources */,
				AE8CD6FE2AC71A47002F0537 /* RecentTableViewCell.xib in Resources */,
				AE4B8EF72AC7208200A0BAEF /* CollectionItemCell.xib in Resources */,
				AE4B8EF32AC71FB900A0BAEF /* GalerysTableViewCell.xib in Resources */,
				AEE2DD9B2A9FBEA50040D789 /* LaunchScreen.storyboard in Resources */,
				AE8CD7062AC71B24002F0537 /* MyRecentCollectionViewCell.xib in Resources */,
				AEE2DDBB2AA26CAF0040D789 /* GoogleService-Info.plist in Resources */,
				AEE2DD982A9FBEA50040D789 /* Assets.xcassets in Resources */,
			);
			runOnlyForDeploymentPostprocessing = 0;
		};
/* End PBXResourcesBuildPhase section */

/* Begin PBXShellScriptBuildPhase section */
		39749BCF30EDE1180ADAB1DE /* [CP] Check Pods Manifest.lock */ = {
			isa = PBXShellScriptBuildPhase;
			buildActionMask = 2147483647;
			files = (
			);
			inputFileListPaths = (
			);
			inputPaths = (
				"${PODS_PODFILE_DIR_PATH}/Podfile.lock",
				"${PODS_ROOT}/Manifest.lock",
			);
			name = "[CP] Check Pods Manifest.lock";
			outputFileListPaths = (
			);
			outputPaths = (
				"$(DERIVED_FILE_DIR)/Pods-collection-checkManifestLockResult.txt",
			);
			runOnlyForDeploymentPostprocessing = 0;
			shellPath = /bin/sh;
			shellScript = "diff \"${PODS_PODFILE_DIR_PATH}/Podfile.lock\" \"${PODS_ROOT}/Manifest.lock\" > /dev/null\nif [ $? != 0 ] ; then\n    # print error to STDERR\n    echo \"error: The sandbox is not in sync with the Podfile.lock. Run 'pod install' or update your CocoaPods installation.\" >&2\n    exit 1\nfi\n# This output is used by Xcode 'outputs' to avoid re-running this script phase.\necho \"SUCCESS\" > \"${SCRIPT_OUTPUT_FILE_0}\"\n";
			showEnvVarsInLog = 0;
		};
		C530BADC9321B48B53EEFBC3 /* [CP] Embed Pods Frameworks */ = {
			isa = PBXShellScriptBuildPhase;
			buildActionMask = 2147483647;
			files = (
			);
			inputFileListPaths = (
				"${PODS_ROOT}/Target Support Files/Pods-collection/Pods-collection-frameworks-${CONFIGURATION}-input-files.xcfilelist",
			);
			name = "[CP] Embed Pods Frameworks";
			outputFileListPaths = (
				"${PODS_ROOT}/Target Support Files/Pods-collection/Pods-collection-frameworks-${CONFIGURATION}-output-files.xcfilelist",
			);
			runOnlyForDeploymentPostprocessing = 0;
			shellPath = /bin/sh;
			shellScript = "\"${PODS_ROOT}/Target Support Files/Pods-collection/Pods-collection-frameworks.sh\"\n";
			showEnvVarsInLog = 0;
		};
/* End PBXShellScriptBuildPhase section */

/* Begin PBXSourcesBuildPhase section */
		AEE2DD872A9FBEA20040D789 /* Sources */ = {
			isa = PBXSourcesBuildPhase;
			buildActionMask = 2147483647;
			files = (
				AEE2DDB92AA12F0E0040D789 /* Theme.swift in Sources */,
				AE6A17092AB23DC9001BE6BC /* RegisterViewController.swift in Sources */,
				AECDDA232ABE502A00991AC0 /* Stickes.swift in Sources */,
				AEE2DD932A9FBEA20040D789 /* ViewController.swift in Sources */,
				AE06CD3B2AB4DE5300073B00 /* Utilities.swift in Sources */,
				AE84E22C2AD49B42005CA108 /* RewardViewController.swift in Sources */,
				AEE2DD8F2A9FBEA20040D789 /* AppDelegate.swift in Sources */,
				AECDDA352ABE709400991AC0 /* ErrorModel.swift in Sources */,
				AE3F8C7F2ABE7693007267BB /* CollectionViewController.swift in Sources */,
				AE84E22E2AD49D27005CA108 /* RankingViewController.swift in Sources */,
				AE8CD7012AC71A7B002F0537 /* CollectionTableViewCell.swift in Sources */,
				AE8CD6FD2AC71A47002F0537 /* RecentTableViewCell.swift in Sources */,
				AE35FECF2AC8CB5400B047B5 /* Quiz2ViewController.swift in Sources */,
				AEE2DD912A9FBEA20040D789 /* SceneDelegate.swift in Sources */,
				AEE2DDB22AA12B320040D789 /* MyViewController.swift in Sources */,
				AEE2DDB62AA12B690040D789 /* DownloadsViewController.swift in Sources */,
				AEE2DDB42AA12B510040D789 /* OptionViewController.swift in Sources */,
				AE35FECD2AC8CB4300B047B5 /* Quiz1ViewController.swift in Sources */,
				AE4B8EF22AC71FB900A0BAEF /* GalerysTableViewCell.swift in Sources */,
				AE8CD7052AC71B24002F0537 /* MyRecentCollectionViewCell.swift in Sources */,
				AE8CD7092AC71B3F002F0537 /* MyCollectionViewCell.swift in Sources */,
				AE8CD70F2AC71E5D002F0537 /* DetailsTableViewController.swift in Sources */,
				AEED25202ACC8CEA00FF89D6 /* WebViewController.swift in Sources */,
				AE4B8EF92AC7298400A0BAEF /* ComponentScreen.swift in Sources */,
				AE35FED52AC9DC3E00B047B5 /* ErrorViewController.swift in Sources */,
				AE4B8EF62AC7208200A0BAEF /* CollectionItemCell.swift in Sources */,
				AEE2DDA62A9FD7A50040D789 /* HomeViewController.swift in Sources */,
				AE6A17072AB23D95001BE6BC /* LoginViewController.swift in Sources */,
				AEB393F62AC7437C00FB7C8B /* InfoViewController.swift in Sources */,
				AECDDA302ABE6FD400991AC0 /* ApiServices.swift in Sources */,
				AE35FED12AC8D01300B047B5 /* ResultViewController.swift in Sources */,
			);
			runOnlyForDeploymentPostprocessing = 0;
		};
/* End PBXSourcesBuildPhase section */

/* Begin PBXVariantGroup section */
		AEE2DD992A9FBEA50040D789 /* LaunchScreen.storyboard */ = {
			isa = PBXVariantGroup;
			children = (
				AEE2DD9A2A9FBEA50040D789 /* Base */,
			);
			name = LaunchScreen.storyboard;
			sourceTree = "<group>";
		};
/* End PBXVariantGroup section */

/* Begin XCBuildConfiguration section */
		AEE2DD9D2A9FBEA50040D789 /* Debug */ = {
			isa = XCBuildConfiguration;
			buildSettings = {
				ALWAYS_SEARCH_USER_PATHS = NO;
				CLANG_ANALYZER_NONNULL = YES;
				CLANG_ANALYZER_NUMBER_OBJECT_CONVERSION = YES_AGGRESSIVE;
				CLANG_CXX_LANGUAGE_STANDARD = "gnu++20";
				CLANG_ENABLE_MODULES = YES;
				CLANG_ENABLE_OBJC_ARC = YES;
				CLANG_ENABLE_OBJC_WEAK = YES;
				CLANG_WARN_BLOCK_CAPTURE_AUTORELEASING = YES;
				CLANG_WARN_BOOL_CONVERSION = YES;
				CLANG_WARN_COMMA = YES;
				CLANG_WARN_CONSTANT_CONVERSION = YES;
				CLANG_WARN_DEPRECATED_OBJC_IMPLEMENTATIONS = YES;
				CLANG_WARN_DIRECT_OBJC_ISA_USAGE = YES_ERROR;
				CLANG_WARN_DOCUMENTATION_COMMENTS = YES;
				CLANG_WARN_EMPTY_BODY = YES;
				CLANG_WARN_ENUM_CONVERSION = YES;
				CLANG_WARN_INFINITE_RECURSION = YES;
				CLANG_WARN_INT_CONVERSION = YES;
				CLANG_WARN_NON_LITERAL_NULL_CONVERSION = YES;
				CLANG_WARN_OBJC_IMPLICIT_RETAIN_SELF = YES;
				CLANG_WARN_OBJC_LITERAL_CONVERSION = YES;
				CLANG_WARN_OBJC_ROOT_CLASS = YES_ERROR;
				CLANG_WARN_QUOTED_INCLUDE_IN_FRAMEWORK_HEADER = YES;
				CLANG_WARN_RANGE_LOOP_ANALYSIS = YES;
				CLANG_WARN_STRICT_PROTOTYPES = YES;
				CLANG_WARN_SUSPICIOUS_MOVE = YES;
				CLANG_WARN_UNGUARDED_AVAILABILITY = YES_AGGRESSIVE;
				CLANG_WARN_UNREACHABLE_CODE = YES;
				CLANG_WARN__DUPLICATE_METHOD_MATCH = YES;
				COPY_PHASE_STRIP = NO;
				DEBUG_INFORMATION_FORMAT = dwarf;
				ENABLE_STRICT_OBJC_MSGSEND = YES;
				ENABLE_TESTABILITY = YES;
				GCC_C_LANGUAGE_STANDARD = gnu11;
				GCC_DYNAMIC_NO_PIC = NO;
				GCC_NO_COMMON_BLOCKS = YES;
				GCC_OPTIMIZATION_LEVEL = 0;
				GCC_PREPROCESSOR_DEFINITIONS = (
					"DEBUG=1",
					"$(inherited)",
				);
				GCC_WARN_64_TO_32_BIT_CONVERSION = YES;
				GCC_WARN_ABOUT_RETURN_TYPE = YES_ERROR;
				GCC_WARN_UNDECLARED_SELECTOR = YES;
				GCC_WARN_UNINITIALIZED_AUTOS = YES_AGGRESSIVE;
				GCC_WARN_UNUSED_FUNCTION = YES;
				GCC_WARN_UNUSED_VARIABLE = YES;
				IPHONEOS_DEPLOYMENT_TARGET = 16.2;
				MTL_ENABLE_DEBUG_INFO = INCLUDE_SOURCE;
				MTL_FAST_MATH = YES;
				ONLY_ACTIVE_ARCH = YES;
				SDKROOT = iphoneos;
				SWIFT_ACTIVE_COMPILATION_CONDITIONS = DEBUG;
				SWIFT_OPTIMIZATION_LEVEL = "-Onone";
			};
			name = Debug;
		};
		AEE2DD9E2A9FBEA50040D789 /* Release */ = {
			isa = XCBuildConfiguration;
			buildSettings = {
				ALWAYS_SEARCH_USER_PATHS = NO;
				CLANG_ANALYZER_NONNULL = YES;
				CLANG_ANALYZER_NUMBER_OBJECT_CONVERSION = YES_AGGRESSIVE;
				CLANG_CXX_LANGUAGE_STANDARD = "gnu++20";
				CLANG_ENABLE_MODULES = YES;
				CLANG_ENABLE_OBJC_ARC = YES;
				CLANG_ENABLE_OBJC_WEAK = YES;
				CLANG_WARN_BLOCK_CAPTURE_AUTORELEASING = YES;
				CLANG_WARN_BOOL_CONVERSION = YES;
				CLANG_WARN_COMMA = YES;
				CLANG_WARN_CONSTANT_CONVERSION = YES;
				CLANG_WARN_DEPRECATED_OBJC_IMPLEMENTATIONS = YES;
				CLANG_WARN_DIRECT_OBJC_ISA_USAGE = YES_ERROR;
				CLANG_WARN_DOCUMENTATION_COMMENTS = YES;
				CLANG_WARN_EMPTY_BODY = YES;
				CLANG_WARN_ENUM_CONVERSION = YES;
				CLANG_WARN_INFINITE_RECURSION = YES;
				CLANG_WARN_INT_CONVERSION = YES;
				CLANG_WARN_NON_LITERAL_NULL_CONVERSION = YES;
				CLANG_WARN_OBJC_IMPLICIT_RETAIN_SELF = YES;
				CLANG_WARN_OBJC_LITERAL_CONVERSION = YES;
				CLANG_WARN_OBJC_ROOT_CLASS = YES_ERROR;
				CLANG_WARN_QUOTED_INCLUDE_IN_FRAMEWORK_HEADER = YES;
				CLANG_WARN_RANGE_LOOP_ANALYSIS = YES;
				CLANG_WARN_STRICT_PROTOTYPES = YES;
				CLANG_WARN_SUSPICIOUS_MOVE = YES;
				CLANG_WARN_UNGUARDED_AVAILABILITY = YES_AGGRESSIVE;
				CLANG_WARN_UNREACHABLE_CODE = YES;
				CLANG_WARN__DUPLICATE_METHOD_MATCH = YES;
				COPY_PHASE_STRIP = NO;
				DEBUG_INFORMATION_FORMAT = "dwarf-with-dsym";
				ENABLE_NS_ASSERTIONS = NO;
				ENABLE_STRICT_OBJC_MSGSEND = YES;
				GCC_C_LANGUAGE_STANDARD = gnu11;
				GCC_NO_COMMON_BLOCKS = YES;
				GCC_WARN_64_TO_32_BIT_CONVERSION = YES;
				GCC_WARN_ABOUT_RETURN_TYPE = YES_ERROR;
				GCC_WARN_UNDECLARED_SELECTOR = YES;
				GCC_WARN_UNINITIALIZED_AUTOS = YES_AGGRESSIVE;
				GCC_WARN_UNUSED_FUNCTION = YES;
				GCC_WARN_UNUSED_VARIABLE = YES;
				IPHONEOS_DEPLOYMENT_TARGET = 16.2;
				MTL_ENABLE_DEBUG_INFO = NO;
				MTL_FAST_MATH = YES;
				SDKROOT = iphoneos;
				SWIFT_COMPILATION_MODE = wholemodule;
				SWIFT_OPTIMIZATION_LEVEL = "-O";
				VALIDATE_PRODUCT = YES;
			};
			name = Release;
		};
		AEE2DDA02A9FBEA50040D789 /* Debug */ = {
			isa = XCBuildConfiguration;
			baseConfigurationReference = 55D24F796CB99F0375939CE5 /* Pods-collection.debug.xcconfig */;
			buildSettings = {
				ASSETCATALOG_COMPILER_APPICON_NAME = AppIcon;
				ASSETCATALOG_COMPILER_GLOBAL_ACCENT_COLOR_NAME = AccentColor;
				CODE_SIGN_IDENTITY = "Apple Development";
				CODE_SIGN_STYLE = Automatic;
				CURRENT_PROJECT_VERSION = 1;
				DEVELOPMENT_TEAM = XNR7MP5JC5;
				GENERATE_INFOPLIST_FILE = YES;
				INFOPLIST_FILE = collection/Info.plist;
				INFOPLIST_KEY_UIApplicationSupportsIndirectInputEvents = YES;
				INFOPLIST_KEY_UILaunchStoryboardName = LaunchScreen;
				INFOPLIST_KEY_UIMainStoryboardFile = "";
				INFOPLIST_KEY_UISupportedInterfaceOrientations_iPad = "UIInterfaceOrientationPortrait UIInterfaceOrientationPortraitUpsideDown UIInterfaceOrientationLandscapeLeft UIInterfaceOrientationLandscapeRight";
				INFOPLIST_KEY_UISupportedInterfaceOrientations_iPhone = "UIInterfaceOrientationPortrait UIInterfaceOrientationLandscapeLeft UIInterfaceOrientationLandscapeRight";
				LD_RUNPATH_SEARCH_PATHS = (
					"$(inherited)",
					"@executable_path/Frameworks",
				);
				MARKETING_VERSION = 1.0;
				PRODUCT_BUNDLE_IDENTIFIER = LarissaLanes.collection;
				PRODUCT_NAME = "$(TARGET_NAME)";
				PROVISIONING_PROFILE_SPECIFIER = "";
				SWIFT_EMIT_LOC_STRINGS = YES;
				SWIFT_VERSION = 5.0;
				TARGETED_DEVICE_FAMILY = "1,2";
			};
			name = Debug;
		};
		AEE2DDA12A9FBEA50040D789 /* Release */ = {
			isa = XCBuildConfiguration;
			baseConfigurationReference = 877028FC790BC1B1DD034DC5 /* Pods-collection.release.xcconfig */;
			buildSettings = {
				ASSETCATALOG_COMPILER_APPICON_NAME = AppIcon;
				ASSETCATALOG_COMPILER_GLOBAL_ACCENT_COLOR_NAME = AccentColor;
				CODE_SIGN_IDENTITY = "Apple Development";
				CODE_SIGN_STYLE = Automatic;
				CURRENT_PROJECT_VERSION = 1;
				DEVELOPMENT_TEAM = XNR7MP5JC5;
				GENERATE_INFOPLIST_FILE = YES;
				INFOPLIST_FILE = collection/Info.plist;
				INFOPLIST_KEY_UIApplicationSupportsIndirectInputEvents = YES;
				INFOPLIST_KEY_UILaunchStoryboardName = LaunchScreen;
				INFOPLIST_KEY_UIMainStoryboardFile = "";
				INFOPLIST_KEY_UISupportedInterfaceOrientations_iPad = "UIInterfaceOrientationPortrait UIInterfaceOrientationPortraitUpsideDown UIInterfaceOrientationLandscapeLeft UIInterfaceOrientationLandscapeRight";
				INFOPLIST_KEY_UISupportedInterfaceOrientations_iPhone = "UIInterfaceOrientationPortrait UIInterfaceOrientationLandscapeLeft UIInterfaceOrientationLandscapeRight";
				LD_RUNPATH_SEARCH_PATHS = (
					"$(inherited)",
					"@executable_path/Frameworks",
				);
				MARKETING_VERSION = 1.0;
				PRODUCT_BUNDLE_IDENTIFIER = LarissaLanes.collection;
				PRODUCT_NAME = "$(TARGET_NAME)";
				PROVISIONING_PROFILE_SPECIFIER = "";
				SWIFT_EMIT_LOC_STRINGS = YES;
				SWIFT_VERSION = 5.0;
				TARGETED_DEVICE_FAMILY = "1,2";
			};
			name = Release;
		};
/* End XCBuildConfiguration section */

/* Begin XCConfigurationList section */
		AEE2DD862A9FBEA20040D789 /* Build configuration list for PBXProject "collection" */ = {
			isa = XCConfigurationList;
			buildConfigurations = (
				AEE2DD9D2A9FBEA50040D789 /* Debug */,
				AEE2DD9E2A9FBEA50040D789 /* Release */,
			);
			defaultConfigurationIsVisible = 0;
			defaultConfigurationName = Release;
		};
		AEE2DD9F2A9FBEA50040D789 /* Build configuration list for PBXNativeTarget "collection" */ = {
			isa = XCConfigurationList;
			buildConfigurations = (
				AEE2DDA02A9FBEA50040D789 /* Debug */,
				AEE2DDA12A9FBEA50040D789 /* Release */,
			);
			defaultConfigurationIsVisible = 0;
			defaultConfigurationName = Release;
		};
/* End XCConfigurationList section */
	};
	rootObject = AEE2DD832A9FBEA20040D789 /* Project object */;
}
